
Microsoft Visual Studio Solution File, Format Version 12.00
# Visual Studio Version 17
VisualStudioVersion = 17.3.32901.215
MinimumVisualStudioVersion = 10.0.40219.1
Project("{FAE04EC0-301F-11D3-BF4B-00C04F79EFBC}") = "WebApplicationTest", "WebApplicationTest\WebApplicationTest.csproj", "{92C561CE-297E-448A-9D80-9560258540A1}"
EndProject
Global
	GlobalSection(SolutionConfigurationPlatforms) = preSolution
		Debug|Any CPU = Debug|Any CPU
		Release|Any CPU = Release|Any CPU
	EndGlobalSection
	GlobalSection(ProjectConfigurationPlatforms) = postSolution
		{92C561CE-297E-448A-9D80-9560258540A1}.Debug|Any CPU.ActiveCfg = Debug|Any CPU
		{92C561CE-297E-448A-9D80-9560258540A1}.Debug|Any CPU.Build.0 = Debug|Any CPU
		{92C561CE-297E-448A-9D80-9560258540A1}.Release|Any CPU.ActiveCfg = Release|Any CPU
		{92C561CE-297E-448A-9D80-9560258540A1}.Release|Any CPU.Build.0 = Release|Any CPU
	EndGlobalSection
	GlobalSection(SolutionProperties) = preSolution
		HideSolutionNode = FALSE
	EndGlobalSection
	GlobalSection(ExtensibilityGlobals) = postSolution
		SolutionGuid = {2D04D90C-1550-493C-A534-5B51F7CCBE46}
	EndGlobalSection
EndGlobal
